
Microsoft Visual Studio Solution File, Format Version 12.00
# Visual Studio Version 16
VisualStudioVersion = 16.0.31005.135
MinimumVisualStudioVersion = 10.0.40219.1
Project("{FAE04EC0-301F-11D3-BF4B-00C04F79EFBC}") = "ServerTanksOnline", "TanksOnline\ServerTanksOnline.csproj", "{31080C49-0A4F-4FFE-8E27-7C6EF23E54AD}"
EndProject
Project("{FAE04EC0-301F-11D3-BF4B-00C04F79EFBC}") = "ClientTanksOnline", "ClientTanksOnline\ClientTanksOnline.csproj", "{3D895528-C0D3-4440-9C8A-FED680AD8360}"
EndProject
Global
	GlobalSection(SolutionConfigurationPlatforms) = preSolution
		Debug|Any CPU = Debug|Any CPU
		Release|Any CPU = Release|Any CPU
	EndGlobalSection
	GlobalSection(ProjectConfigurationPlatforms) = postSolution
		{31080C49-0A4F-4FFE-8E27-7C6EF23E54AD}.Debug|Any CPU.ActiveCfg = Debug|Any CPU
		{31080C49-0A4F-4FFE-8E27-7C6EF23E54AD}.Debug|Any CPU.Build.0 = Debug|Any CPU
		{31080C49-0A4F-4FFE-8E27-7C6EF23E54AD}.Release|Any CPU.ActiveCfg = Release|Any CPU
		{31080C49-0A4F-4FFE-8E27-7C6EF23E54AD}.Release|Any CPU.Build.0 = Release|Any CPU
		{3D895528-C0D3-4440-9C8A-FED680AD8360}.Debug|Any CPU.ActiveCfg = Debug|Any CPU
		{3D895528-C0D3-4440-9C8A-FED680AD8360}.Debug|Any CPU.Build.0 = Debug|Any CPU
		{3D895528-C0D3-4440-9C8A-FED680AD8360}.Release|Any CPU.ActiveCfg = Release|Any CPU
		{3D895528-C0D3-4440-9C8A-FED680AD8360}.Release|Any CPU.Build.0 = Release|Any CPU
	EndGlobalSection
	GlobalSection(SolutionProperties) = preSolution
		HideSolutionNode = FALSE
	EndGlobalSection
	GlobalSection(ExtensibilityGlobals) = postSolution
		SolutionGuid = {837792B3-51F0-4F2D-8AF1-6039F62EECD1}
	EndGlobalSection
EndGlobal
